{
  "name": "server",
  "version": "1.0.0",
  "lockfileVersion": 1,
  "requires": true,
  "dependencies": {
    "@prisma/cli": {
      "version": "2.17.0",
      "resolved": "https://registry.npmjs.org/@prisma/cli/-/cli-2.17.0.tgz",
      "integrity": "sha512-G2Hu15E+dLX/VSj8NJzDPXJzl/ji331w+T97EW5NDIDDoGakSVW7r3xcw9dR4uRnoGtttZ7JhBFjXg6bt1Mb0g==",
      "requires": {
        "@prisma/engines": "2.17.0-35.3c463ebd78b1d21d8fdacdd27899e280cf686223"
      }
    },
    "@prisma/engines": {
      "version": "2.17.0-35.3c463ebd78b1d21d8fdacdd27899e280cf686223",
      "resolved": "https://registry.npmjs.org/@prisma/engines/-/engines-2.17.0-35.3c463ebd78b1d21d8fdacdd27899e280cf686223.tgz",
      "integrity": "sha512-FKjVD6NYbGiQhwas3hA2uMpNchz+Mf3tv5qA8Ci9cAkKHGqt3jWjjUAK9juVBqeOcv4OPimQYMrkRX6SvaxBjg=="
    }
  }
}
